
Microsoft Visual Studio Solution File, Format Version 12.00
# Visual Studio Version 17
VisualStudioVersion = 17.1.32421.90
MinimumVisualStudioVersion = 10.0.40219.1
Project("{FAE04EC0-301F-11D3-BF4B-00C04F79EFBC}") = "6webAPI6EF", "6webAPI6EF\6webAPI6EF.csproj", "{93CBD530-69BC-485C-813A-DDE31A2CC026}"
EndProject
Global
	GlobalSection(SolutionConfigurationPlatforms) = preSolution
		Debug|Any CPU = Debug|Any CPU
		Release|Any CPU = Release|Any CPU
	EndGlobalSection
	GlobalSection(ProjectConfigurationPlatforms) = postSolution
		{93CBD530-69BC-485C-813A-DDE31A2CC026}.Debug|Any CPU.ActiveCfg = Debug|Any CPU
		{93CBD530-69BC-485C-813A-DDE31A2CC026}.Debug|Any CPU.Build.0 = Debug|Any CPU
		{93CBD530-69BC-485C-813A-DDE31A2CC026}.Release|Any CPU.ActiveCfg = Release|Any CPU
		{93CBD530-69BC-485C-813A-DDE31A2CC026}.Release|Any CPU.Build.0 = Release|Any CPU
	EndGlobalSection
	GlobalSection(SolutionProperties) = preSolution
		HideSolutionNode = FALSE
	EndGlobalSection
	GlobalSection(ExtensibilityGlobals) = postSolution
		SolutionGuid = {6E5F86D4-723E-4FC8-A386-791F61572EE9}
	EndGlobalSection
EndGlobal
